// !$*UTF8*$!
{
	archiveVersion = 1;
	classes = {
	};
	objectVersion = 56;
	objects = {

/* Begin PBXBuildFile section */
		6A2967B529816C19005F25F6 /* GoogleService-Info.plist in Resources */ = {isa = PBXBuildFile; fileRef = 6A2967B429816C19005F25F6 /* GoogleService-Info.plist */; };
		6A2967B829816CCB005F25F6 /* FirebaseAuth in Frameworks */ = {isa = PBXBuildFile; productRef = 6A2967B729816CCB005F25F6 /* FirebaseAuth */; };
		6A2967BA29816CCB005F25F6 /* FirebaseAuthCombine-Community in Frameworks */ = {isa = PBXBuildFile; productRef = 6A2967B929816CCB005F25F6 /* FirebaseAuthCombine-Community */; };
		6A2967BC29816CCB005F25F6 /* FirebaseDatabase in Frameworks */ = {isa = PBXBuildFile; productRef = 6A2967BB29816CCB005F25F6 /* FirebaseDatabase */; };
		6A2967BE29816CCB005F25F6 /* FirebaseDatabaseSwift in Frameworks */ = {isa = PBXBuildFile; productRef = 6A2967BD29816CCB005F25F6 /* FirebaseDatabaseSwift */; };
		6A2967C029816CCB005F25F6 /* FirebaseDynamicLinks in Frameworks */ = {isa = PBXBuildFile; productRef = 6A2967BF29816CCB005F25F6 /* FirebaseDynamicLinks */; };
		6A2967C229816CCB005F25F6 /* FirebaseFirestore in Frameworks */ = {isa = PBXBuildFile; productRef = 6A2967C129816CCB005F25F6 /* FirebaseFirestore */; };
		6A2967C429816CCB005F25F6 /* FirebaseFirestoreCombine-Community in Frameworks */ = {isa = PBXBuildFile; productRef = 6A2967C329816CCB005F25F6 /* FirebaseFirestoreCombine-Community */; };
		6A2967C629816CCB005F25F6 /* FirebaseFirestoreSwift in Frameworks */ = {isa = PBXBuildFile; productRef = 6A2967C529816CCB005F25F6 /* FirebaseFirestoreSwift */; };
		6A2967C829816CCB005F25F6 /* FirebasePerformance in Frameworks */ = {isa = PBXBuildFile; productRef = 6A2967C729816CCB005F25F6 /* FirebasePerformance */; };
		6A2967CA29816CCB005F25F6 /* FirebaseRemoteConfig in Frameworks */ = {isa = PBXBuildFile; productRef = 6A2967C929816CCB005F25F6 /* FirebaseRemoteConfig */; };
		6A2967CC29816CCB005F25F6 /* FirebaseRemoteConfigSwift in Frameworks */ = {isa = PBXBuildFile; productRef = 6A2967CB29816CCB005F25F6 /* FirebaseRemoteConfigSwift */; };
		6A2967CE29816CCB005F25F6 /* FirebaseStorage in Frameworks */ = {isa = PBXBuildFile; productRef = 6A2967CD29816CCB005F25F6 /* FirebaseStorage */; };
		6A2967D029816CCB005F25F6 /* FirebaseStorageCombine-Community in Frameworks */ = {isa = PBXBuildFile; productRef = 6A2967CF29816CCB005F25F6 /* FirebaseStorageCombine-Community */; };
		6A2967D229816CE3005F25F6 /* Authentication.swift in Sources */ = {isa = PBXBuildFile; fileRef = 6A2967D129816CE3005F25F6 /* Authentication.swift */; };
		6A7D7B3329814C6100DC8307 /* CCAttendanceApp.swift in Sources */ = {isa = PBXBuildFile; fileRef = 6A7D7B3229814C6100DC8307 /* CCAttendanceApp.swift */; };
		6A7D7B3529814C6100DC8307 /* ContentView.swift in Sources */ = {isa = PBXBuildFile; fileRef = 6A7D7B3429814C6100DC8307 /* ContentView.swift */; };
		6A7D7B3729814C6200DC8307 /* Assets.xcassets in Resources */ = {isa = PBXBuildFile; fileRef = 6A7D7B3629814C6200DC8307 /* Assets.xcassets */; };
		6A7D7B3A29814C6200DC8307 /* Preview Assets.xcassets in Resources */ = {isa = PBXBuildFile; fileRef = 6A7D7B3929814C6200DC8307 /* Preview Assets.xcassets */; };
		6A9B794F2986BDC9002F76F3 /* CCAView.swift in Sources */ = {isa = PBXBuildFile; fileRef = 6A9B794E2986BDC9002F76F3 /* CCAView.swift */; };
/* End PBXBuildFile section */

/* Begin PBXFileReference section */
		6A2967B429816C19005F25F6 /* GoogleService-Info.plist */ = {isa = PBXFileReference; fileEncoding = 4; lastKnownFileType = text.plist.xml; path = "GoogleService-Info.plist"; sourceTree = "<group>"; };
		6A2967D129816CE3005F25F6 /* Authentication.swift */ = {isa = PBXFileReference; lastKnownFileType = sourcecode.swift; path = Authentication.swift; sourceTree = "<group>"; };
		6A7D7B2F29814C6100DC8307 /* CCAttendance.app */ = {isa = PBXFileReference; explicitFileType = wrapper.application; includeInIndex = 0; path = CCAttendance.app; sourceTree = BUILT_PRODUCTS_DIR; };
		6A7D7B3229814C6100DC8307 /* CCAttendanceApp.swift */ = {isa = PBXFileReference; lastKnownFileType = sourcecode.swift; path = CCAttendanceApp.swift; sourceTree = "<group>"; };
		6A7D7B3429814C6100DC8307 /* ContentView.swift */ = {isa = PBXFileReference; lastKnownFileType = sourcecode.swift; path = ContentView.swift; sourceTree = "<group>"; };
		6A7D7B3629814C6200DC8307 /* Assets.xcassets */ = {isa = PBXFileReference; lastKnownFileType = folder.assetcatalog; path = Assets.xcassets; sourceTree = "<group>"; };
		6A7D7B3929814C6200DC8307 /* Preview Assets.xcassets */ = {isa = PBXFileReference; lastKnownFileType = folder.assetcatalog; path = "Preview Assets.xcassets"; sourceTree = "<group>"; };
		6A9B794E2986BDC9002F76F3 /* CCAView.swift */ = {isa = PBXFileReference; lastKnownFileType = sourcecode.swift; path = CCAView.swift; sourceTree = "<group>"; };
/* End PBXFileReference section */

/* Begin PBXFrameworksBuildPhase section */
		6A7D7B2C29814C6100DC8307 /* Frameworks */ = {
			isa = PBXFrameworksBuildPhase;
			buildActionMask = 2147483647;
			files = (
				6A2967BE29816CCB005F25F6 /* FirebaseDatabaseSwift in Frameworks */,
				6A2967BC29816CCB005F25F6 /* FirebaseDatabase in Frameworks */,
				6A2967C829816CCB005F25F6 /* FirebasePerformance in Frameworks */,
				6A2967D029816CCB005F25F6 /* FirebaseStorageCombine-Community in Frameworks */,
				6A2967B829816CCB005F25F6 /* FirebaseAuth in Frameworks */,
				6A2967BA29816CCB005F25F6 /* FirebaseAuthCombine-Community in Frameworks */,
				6A2967CE29816CCB005F25F6 /* FirebaseStorage in Frameworks */,
				6A2967CC29816CCB005F25F6 /* FirebaseRemoteConfigSwift in Frameworks */,
				6A2967C029816CCB005F25F6 /* FirebaseDynamicLinks in Frameworks */,
				6A2967C229816CCB005F25F6 /* FirebaseFirestore in Frameworks */,
				6A2967C429816CCB005F25F6 /* FirebaseFirestoreCombine-Community in Frameworks */,
				6A2967C629816CCB005F25F6 /* FirebaseFirestoreSwift in Frameworks */,
				6A2967CA29816CCB005F25F6 /* FirebaseRemoteConfig in Frameworks */,
			);
			runOnlyForDeploymentPostprocessing = 0;
		};
/* End PBXFrameworksBuildPhase section */

/* Begin PBXGroup section */
		6A7D7B2629814C6100DC8307 = {
			isa = PBXGroup;
			children = (
				6A7D7B3129814C6100DC8307 /* CCAttendance */,
				6A7D7B3029814C6100DC8307 /* Products */,
			);
			sourceTree = "<group>";
		};
		6A7D7B3029814C6100DC8307 /* Products */ = {
			isa = PBXGroup;
			children = (
				6A7D7B2F29814C6100DC8307 /* CCAttendance.app */,
			);
			name = Products;
			sourceTree = "<group>";
		};
		6A7D7B3129814C6100DC8307 /* CCAttendance */ = {
			isa = PBXGroup;
			children = (
				6A7D7B3229814C6100DC8307 /* CCAttendanceApp.swift */,
				6A7D7B3429814C6100DC8307 /* ContentView.swift */,
				6A2967D129816CE3005F25F6 /* Authentication.swift */,
				6A9B794E2986BDC9002F76F3 /* CCAView.swift */,
				6A2967B429816C19005F25F6 /* GoogleService-Info.plist */,
				6A7D7B3629814C6200DC8307 /* Assets.xcassets */,
				6A7D7B3829814C6200DC8307 /* Preview Content */,
			);
			path = CCAttendance;
			sourceTree = "<group>";
		};
		6A7D7B3829814C6200DC8307 /* Preview Content */ = {
			isa = PBXGroup;
			children = (
				6A7D7B3929814C6200DC8307 /* Preview Assets.xcassets */,
			);
			path = "Preview Content";
			sourceTree = "<group>";
		};
/* End PBXGroup section */

/* Begin PBXNativeTarget section */
		6A7D7B2E29814C6100DC8307 /* CCAttendance */ = {
			isa = PBXNativeTarget;
			buildConfigurationList = 6A7D7B3D29814C6200DC8307 /* Build configuration list for PBXNativeTarget "CCAttendance" */;
			buildPhases = (
				6A7D7B2B29814C6100DC8307 /* Sources */,
				6A7D7B2C29814C6100DC8307 /* Frameworks */,
				6A7D7B2D29814C6100DC8307 /* Resources */,
			);
			buildRules = (
			);
			dependencies = (
			);
			name = CCAttendance;
			packageProductDependencies = (
				6A2967B729816CCB005F25F6 /* FirebaseAuth */,
				6A2967B929816CCB005F25F6 /* FirebaseAuthCombine-Community */,
				6A2967BB29816CCB005F25F6 /* FirebaseDatabase */,
				6A2967BD29816CCB005F25F6 /* FirebaseDatabaseSwift */,
				6A2967BF29816CCB005F25F6 /* FirebaseDynamicLinks */,
				6A2967C129816CCB005F25F6 /* FirebaseFirestore */,
				6A2967C329816CCB005F25F6 /* FirebaseFirestoreCombine-Community */,
				6A2967C529816CCB005F25F6 /* FirebaseFirestoreSwift */,
				6A2967C729816CCB005F25F6 /* FirebasePerformance */,
				6A2967C929816CCB005F25F6 /* FirebaseRemoteConfig */,
				6A2967CB29816CCB005F25F6 /* FirebaseRemoteConfigSwift */,
				6A2967CD29816CCB005F25F6 /* FirebaseStorage */,
				6A2967CF29816CCB005F25F6 /* FirebaseStorageCombine-Community */,
			);
			productName = CCAttendance;
			productReference = 6A7D7B2F29814C6100DC8307 /* CCAttendance.app */;
			productType = "com.apple.product-type.application";
		};
/* End PBXNativeTarget section */

/* Begin PBXProject section */
		6A7D7B2729814C6100DC8307 /* Project object */ = {
			isa = PBXProject;
			attributes = {
				BuildIndependentTargetsInParallel = 1;
				LastSwiftUpdateCheck = 1420;
				LastUpgradeCheck = 1420;
				TargetAttributes = {
					6A7D7B2E29814C6100DC8307 = {
						CreatedOnToolsVersion = 14.2;
					};
				};
			};
			buildConfigurationList = 6A7D7B2A29814C6100DC8307 /* Build configuration list for PBXProject "CCAttendance" */;
			compatibilityVersion = "Xcode 14.0";
			developmentRegion = en;
			hasScannedForEncodings = 0;
			knownRegions = (
				en,
				Base,
			);
			mainGroup = 6A7D7B2629814C6100DC8307;
			packageReferences = (
				6A2967B629816CCB005F25F6 /* XCRemoteSwiftPackageReference "firebase-ios-sdk" */,
			);
			productRefGroup = 6A7D7B3029814C6100DC8307 /* Products */;
			projectDirPath = "";
			projectRoot = "";
			targets = (
				6A7D7B2E29814C6100DC8307 /* CCAttendance */,
			);
		};
/* End PBXProject section */

/* Begin PBXResourcesBuildPhase section */
		6A7D7B2D29814C6100DC8307 /* Resources */ = {
			isa = PBXResourcesBuildPhase;
			buildActionMask = 2147483647;
			files = (
				6A2967B529816C19005F25F6 /* GoogleService-Info.plist in Resources */,
				6A7D7B3A29814C6200DC8307 /* Preview Assets.xcassets in Resources */,
				6A7D7B3729814C6200DC8307 /* Assets.xcassets in Resources */,
			);
			runOnlyForDeploymentPostprocessing = 0;
		};
/* End PBXResourcesBuildPhase section */

/* Begin PBXSourcesBuildPhase section */
		6A7D7B2B29814C6100DC8307 /* Sources */ = {
			isa = PBXSourcesBuildPhase;
			buildActionMask = 2147483647;
			files = (
				6A7D7B3529814C6100DC8307 /* ContentView.swift in Sources */,
				6A7D7B3329814C6100DC8307 /* CCAttendanceApp.swift in Sources */,
				6A9B794F2986BDC9002F76F3 /* CCAView.swift in Sources */,
				6A2967D229816CE3005F25F6 /* Authentication.swift in Sources */,
			);
			runOnlyForDeploymentPostprocessing = 0;
		};
/* End PBXSourcesBuildPhase section */

/* Begin XCBuildConfiguration section */
		6A7D7B3B29814C6200DC8307 /* Debug */ = {
			isa = XCBuildConfiguration;
			buildSettings = {
				ALWAYS_SEARCH_USER_PATHS = NO;
				CLANG_ANALYZER_NONNULL = YES;
				CLANG_ANALYZER_NUMBER_OBJECT_CONVERSION = YES_AGGRESSIVE;
				CLANG_CXX_LANGUAGE_STANDARD = "gnu++20";
				CLANG_ENABLE_MODULES = YES;
				CLANG_ENABLE_OBJC_ARC = YES;
				CLANG_ENABLE_OBJC_WEAK = YES;
				CLANG_WARN_BLOCK_CAPTURE_AUTORELEASING = YES;
				CLANG_WARN_BOOL_CONVERSION = YES;
				CLANG_WARN_COMMA = YES;
				CLANG_WARN_CONSTANT_CONVERSION = YES;
				CLANG_WARN_DEPRECATED_OBJC_IMPLEMENTATIONS = YES;
				CLANG_WARN_DIRECT_OBJC_ISA_USAGE = YES_ERROR;
				CLANG_WARN_DOCUMENTATION_COMMENTS = YES;
				CLANG_WARN_EMPTY_BODY = YES;
				CLANG_WARN_ENUM_CONVERSION = YES;
				CLANG_WARN_INFINITE_RECURSION = YES;
				CLANG_WARN_INT_CONVERSION = YES;
				CLANG_WARN_NON_LITERAL_NULL_CONVERSION = YES;
				CLANG_WARN_OBJC_IMPLICIT_RETAIN_SELF = YES;
				CLANG_WARN_OBJC_LITERAL_CONVERSION = YES;
				CLANG_WARN_OBJC_ROOT_CLASS = YES_ERROR;
				CLANG_WARN_QUOTED_INCLUDE_IN_FRAMEWORK_HEADER = YES;
				CLANG_WARN_RANGE_LOOP_ANALYSIS = YES;
				CLANG_WARN_STRICT_PROTOTYPES = YES;
				CLANG_WARN_SUSPICIOUS_MOVE = YES;
				CLANG_WARN_UNGUARDED_AVAILABILITY = YES_AGGRESSIVE;
				CLANG_WARN_UNREACHABLE_CODE = YES;
				CLANG_WARN__DUPLICATE_METHOD_MATCH = YES;
				COPY_PHASE_STRIP = NO;
				DEBUG_INFORMATION_FORMAT = dwarf;
				ENABLE_STRICT_OBJC_MSGSEND = YES;
				ENABLE_TESTABILITY = YES;
				GCC_C_LANGUAGE_STANDARD = gnu11;
				GCC_DYNAMIC_NO_PIC = NO;
				GCC_NO_COMMON_BLOCKS = YES;
				GCC_OPTIMIZATION_LEVEL = 0;
				GCC_PREPROCESSOR_DEFINITIONS = (
					"DEBUG=1",
					"$(inherited)",
				);
				GCC_WARN_64_TO_32_BIT_CONVERSION = YES;
				GCC_WARN_ABOUT_RETURN_TYPE = YES_ERROR;
				GCC_WARN_UNDECLARED_SELECTOR = YES;
				GCC_WARN_UNINITIALIZED_AUTOS = YES_AGGRESSIVE;
				GCC_WARN_UNUSED_FUNCTION = YES;
				GCC_WARN_UNUSED_VARIABLE = YES;
				IPHONEOS_DEPLOYMENT_TARGET = 16.2;
				MTL_ENABLE_DEBUG_INFO = INCLUDE_SOURCE;
				MTL_FAST_MATH = YES;
				ONLY_ACTIVE_ARCH = YES;
				SDKROOT = iphoneos;
				SWIFT_ACTIVE_COMPILATION_CONDITIONS = DEBUG;
				SWIFT_OPTIMIZATION_LEVEL = "-Onone";
			};
			name = Debug;
		};
		6A7D7B3C29814C6200DC8307 /* Release */ = {
			isa = XCBuildConfiguration;
			buildSettings = {
				ALWAYS_SEARCH_USER_PATHS = NO;
				CLANG_ANALYZER_NONNULL = YES;
				CLANG_ANALYZER_NUMBER_OBJECT_CONVERSION = YES_AGGRESSIVE;
				CLANG_CXX_LANGUAGE_STANDARD = "gnu++20";
				CLANG_ENABLE_MODULES = YES;
				CLANG_ENABLE_OBJC_ARC = YES;
				CLANG_ENABLE_OBJC_WEAK = YES;
				CLANG_WARN_BLOCK_CAPTURE_AUTORELEASING = YES;
				CLANG_WARN_BOOL_CONVERSION = YES;
				CLANG_WARN_COMMA = YES;
				CLANG_WARN_CONSTANT_CONVERSION = YES;
				CLANG_WARN_DEPRECATED_OBJC_IMPLEMENTATIONS = YES;
				CLANG_WARN_DIRECT_OBJC_ISA_USAGE = YES_ERROR;
				CLANG_WARN_DOCUMENTATION_COMMENTS = YES;
				CLANG_WARN_EMPTY_BODY = YES;
				CLANG_WARN_ENUM_CONVERSION = YES;
				CLANG_WARN_INFINITE_RECURSION = YES;
				CLANG_WARN_INT_CONVERSION = YES;
				CLANG_WARN_NON_LITERAL_NULL_CONVERSION = YES;
				CLANG_WARN_OBJC_IMPLICIT_RETAIN_SELF = YES;
				CLANG_WARN_OBJC_LITERAL_CONVERSION = YES;
				CLANG_WARN_OBJC_ROOT_CLASS = YES_ERROR;
				CLANG_WARN_QUOTED_INCLUDE_IN_FRAMEWORK_HEADER = YES;
				CLANG_WARN_RANGE_LOOP_ANALYSIS = YES;
				CLANG_WARN_STRICT_PROTOTYPES = YES;
				CLANG_WARN_SUSPICIOUS_MOVE = YES;
				CLANG_WARN_UNGUARDED_AVAILABILITY = YES_AGGRESSIVE;
				CLANG_WARN_UNREACHABLE_CODE = YES;
				CLANG_WARN__DUPLICATE_METHOD_MATCH = YES;
				COPY_PHASE_STRIP = NO;
				DEBUG_INFORMATION_FORMAT = "dwarf-with-dsym";
				ENABLE_NS_ASSERTIONS = NO;
				ENABLE_STRICT_OBJC_MSGSEND = YES;
				GCC_C_LANGUAGE_STANDARD = gnu11;
				GCC_NO_COMMON_BLOCKS = YES;
				GCC_WARN_64_TO_32_BIT_CONVERSION = YES;
				GCC_WARN_ABOUT_RETURN_TYPE = YES_ERROR;
				GCC_WARN_UNDECLARED_SELECTOR = YES;
				GCC_WARN_UNINITIALIZED_AUTOS = YES_AGGRESSIVE;
				GCC_WARN_UNUSED_FUNCTION = YES;
				GCC_WARN_UNUSED_VARIABLE = YES;
				IPHONEOS_DEPLOYMENT_TARGET = 16.2;
				MTL_ENABLE_DEBUG_INFO = NO;
				MTL_FAST_MATH = YES;
				SDKROOT = iphoneos;
				SWIFT_COMPILATION_MODE = wholemodule;
				SWIFT_OPTIMIZATION_LEVEL = "-O";
				VALIDATE_PRODUCT = YES;
			};
			name = Release;
		};
		6A7D7B3E29814C6200DC8307 /* Debug */ = {
			isa = XCBuildConfiguration;
			buildSettings = {
				ASSETCATALOG_COMPILER_APPICON_NAME = AppIcon;
				ASSETCATALOG_COMPILER_GLOBAL_ACCENT_COLOR_NAME = AccentColor;
				CODE_SIGN_STYLE = Automatic;
				CURRENT_PROJECT_VERSION = 1;
				DEVELOPMENT_ASSET_PATHS = "\"CCAttendance/Preview Content\"";
				DEVELOPMENT_TEAM = DBBLGF84W3;
				ENABLE_PREVIEWS = YES;
				GENERATE_INFOPLIST_FILE = YES;
				INFOPLIST_KEY_CFBundleDisplayName = CCAttendance;
				INFOPLIST_KEY_UIApplicationSceneManifest_Generation = YES;
				INFOPLIST_KEY_UIApplicationSupportsIndirectInputEvents = YES;
				INFOPLIST_KEY_UILaunchScreen_Generation = YES;
				INFOPLIST_KEY_UIRequiresFullScreen = YES;
				INFOPLIST_KEY_UISupportedInterfaceOrientations = "UIInterfaceOrientationPortrait UIInterfaceOrientationPortraitUpsideDown";
				LD_RUNPATH_SEARCH_PATHS = (
					"$(inherited)",
					"@executable_path/Frameworks",
				);
				MARKETING_VERSION = 1.0;
				PRODUCT_BUNDLE_IDENTIFIER = com.cheesetan.CCAttendance;
				PRODUCT_NAME = "$(TARGET_NAME)";
				SWIFT_EMIT_LOC_STRINGS = YES;
				SWIFT_VERSION = 5.0;
				TARGETED_DEVICE_FAMILY = "1,2";
			};
			name = Debug;
		};
		6A7D7B3F29814C6200DC8307 /* Release */ = {
			isa = XCBuildConfiguration;
			buildSettings = {
				ASSETCATALOG_COMPILER_APPICON_NAME = AppIcon;
				ASSETCATALOG_COMPILER_GLOBAL_ACCENT_COLOR_NAME = AccentColor;
				CODE_SIGN_STYLE = Automatic;
				CURRENT_PROJECT_VERSION = 1;
				DEVELOPMENT_ASSET_PATHS = "\"CCAttendance/Preview Content\"";
				DEVELOPMENT_TEAM = DBBLGF84W3;
				ENABLE_PREVIEWS = YES;
				GENERATE_INFOPLIST_FILE = YES;
				INFOPLIST_KEY_CFBundleDisplayName = CCAttendance;
				INFOPLIST_KEY_UIApplicationSceneManifest_Generation = YES;
				INFOPLIST_KEY_UIApplicationSupportsIndirectInputEvents = YES;
				INFOPLIST_KEY_UILaunchScreen_Generation = YES;
				INFOPLIST_KEY_UIRequiresFullScreen = YES;
				INFOPLIST_KEY_UISupportedInterfaceOrientations = "UIInterfaceOrientationPortrait UIInterfaceOrientationPortraitUpsideDown";
				LD_RUNPATH_SEARCH_PATHS = (
					"$(inherited)",
					"@executable_path/Frameworks",
				);
				MARKETING_VERSION = 1.0;
				PRODUCT_BUNDLE_IDENTIFIER = com.cheesetan.CCAttendance;
				PRODUCT_NAME = "$(TARGET_NAME)";
				SWIFT_EMIT_LOC_STRINGS = YES;
				SWIFT_VERSION = 5.0;
				TARGETED_DEVICE_FAMILY = "1,2";
			};
			name = Release;
		};
/* End XCBuildConfiguration section */

/* Begin XCConfigurationList section */
		6A7D7B2A29814C6100DC8307 /* Build configuration list for PBXProject "CCAttendance" */ = {
			isa = XCConfigurationList;
			buildConfigurations = (
				6A7D7B3B29814C6200DC8307 /* Debug */,
				6A7D7B3C29814C6200DC8307 /* Release */,
			);
			defaultConfigurationIsVisible = 0;
			defaultConfigurationName = Release;
		};
		6A7D7B3D29814C6200DC8307 /* Build configuration list for PBXNativeTarget "CCAttendance" */ = {
			isa = XCConfigurationList;
			buildConfigurations = (
				6A7D7B3E29814C6200DC8307 /* Debug */,
				6A7D7B3F29814C6200DC8307 /* Release */,
			);
			defaultConfigurationIsVisible = 0;
			defaultConfigurationName = Release;
		};
/* End XCConfigurationList section */

/* Begin XCRemoteSwiftPackageReference section */
		6A2967B629816CCB005F25F6 /* XCRemoteSwiftPackageReference "firebase-ios-sdk" */ = {
			isa = XCRemoteSwiftPackageReference;
			repositoryURL = "https://github.com/firebase/firebase-ios-sdk";
			requirement = {
				kind = upToNextMajorVersion;
				minimumVersion = 9.0.0;
			};
		};
/* End XCRemoteSwiftPackageReference section */

/* Begin XCSwiftPackageProductDependency section */
		6A2967B729816CCB005F25F6 /* FirebaseAuth */ = {
			isa = XCSwiftPackageProductDependency;
			package = 6A2967B629816CCB005F25F6 /* XCRemoteSwiftPackageReference "firebase-ios-sdk" */;
			productName = FirebaseAuth;
		};
		6A2967B929816CCB005F25F6 /* FirebaseAuthCombine-Community */ = {
			isa = XCSwiftPackageProductDependency;
			package = 6A2967B629816CCB005F25F6 /* XCRemoteSwiftPackageReference "firebase-ios-sdk" */;
			productName = "FirebaseAuthCombine-Community";
		};
		6A2967BB29816CCB005F25F6 /* FirebaseDatabase */ = {
			isa = XCSwiftPackageProductDependency;
			package = 6A2967B629816CCB005F25F6 /* XCRemoteSwiftPackageReference "firebase-ios-sdk" */;
			productName = FirebaseDatabase;
		};
		6A2967BD29816CCB005F25F6 /* FirebaseDatabaseSwift */ = {
			isa = XCSwiftPackageProductDependency;
			package = 6A2967B629816CCB005F25F6 /* XCRemoteSwiftPackageReference "firebase-ios-sdk" */;
			productName = FirebaseDatabaseSwift;
		};
		6A2967BF29816CCB005F25F6 /* FirebaseDynamicLinks */ = {
			isa = XCSwiftPackageProductDependency;
			package = 6A2967B629816CCB005F25F6 /* XCRemoteSwiftPackageReference "firebase-ios-sdk" */;
			productName = FirebaseDynamicLinks;
		};
		6A2967C129816CCB005F25F6 /* FirebaseFirestore */ = {
			isa = XCSwiftPackageProductDependency;
			package = 6A2967B629816CCB005F25F6 /* XCRemoteSwiftPackageReference "firebase-ios-sdk" */;
			productName = FirebaseFirestore;
		};
		6A2967C329816CCB005F25F6 /* FirebaseFirestoreCombine-Community */ = {
			isa = XCSwiftPackageProductDependency;
			package = 6A2967B629816CCB005F25F6 /* XCRemoteSwiftPackageReference "firebase-ios-sdk" */;
			productName = "FirebaseFirestoreCombine-Community";
		};
		6A2967C529816CCB005F25F6 /* FirebaseFirestoreSwift */ = {
			isa = XCSwiftPackageProductDependency;
			package = 6A2967B629816CCB005F25F6 /* XCRemoteSwiftPackageReference "firebase-ios-sdk" */;
			productName = FirebaseFirestoreSwift;
		};
		6A2967C729816CCB005F25F6 /* FirebasePerformance */ = {
			isa = XCSwiftPackageProductDependency;
			package = 6A2967B629816CCB005F25F6 /* XCRemoteSwiftPackageReference "firebase-ios-sdk" */;
			productName = FirebasePerformance;
		};
		6A2967C929816CCB005F25F6 /* FirebaseRemoteConfig */ = {
			isa = XCSwiftPackageProductDependency;
			package = 6A2967B629816CCB005F25F6 /* XCRemoteSwiftPackageReference "firebase-ios-sdk" */;
			productName = FirebaseRemoteConfig;
		};
		6A2967CB29816CCB005F25F6 /* FirebaseRemoteConfigSwift */ = {
			isa = XCSwiftPackageProductDependency;
			package = 6A2967B629816CCB005F25F6 /* XCRemoteSwiftPackageReference "firebase-ios-sdk" */;
			productName = FirebaseRemoteConfigSwift;
		};
		6A2967CD29816CCB005F25F6 /* FirebaseStorage */ = {
			isa = XCSwiftPackageProductDependency;
			package = 6A2967B629816CCB005F25F6 /* XCRemoteSwiftPackageReference "firebase-ios-sdk" */;
			productName = FirebaseStorage;
		};
		6A2967CF29816CCB005F25F6 /* FirebaseStorageCombine-Community */ = {
			isa = XCSwiftPackageProductDependency;
			package = 6A2967B629816CCB005F25F6 /* XCRemoteSwiftPackageReference "firebase-ios-sdk" */;
			productName = "FirebaseStorageCombine-Community";
		};
/* End XCSwiftPackageProductDependency section */
	};
	rootObject = 6A7D7B2729814C6100DC8307 /* Project object */;
}
